hash: e142ec48556fbc49c75a813116501750b23519588a7b6cfd5748b37e7330c103
updated: 2016-08-24T08:09:33.63781732-07:00
imports:
- name: github.com/beorn7/perks
  version: cfb91f6d4c903f798ddc135b758b7c39b7068f30
  subpackages:
  - quantile
- name: github.com/golang/glog
  version: cfb91f6d4c903f798ddc135b758b7c39b7068f30
- name: github.com/golang/protobuf
  version: cfb91f6d4c903f798ddc135b758b7c39b7068f30
  subpackages:
  - proto
  - ptypes/any
  - ptypes/duration
  - ptypes/struct
  - ptypes/timestamp
  - ptypes/wrappers
- name: github.com/matttproud/golang_protobuf_extensions
  version: cfb91f6d4c903f798ddc135b758b7c39b7068f30
  subpackages:
  - pbutil
- name: github.com/onsi/ginkgo
  version: ""
  subpackages:
  - ginkgo
- name: github.com/onsi/gomega
  version: ""
- name: github.com/prometheus/client_golang
  version: cfb91f6d4c903f798ddc135b758b7c39b7068f30
  subpackages:
  - prometheus
- name: github.com/prometheus/client_model
  version: cfb91f6d4c903f798ddc135b758b7c39b7068f30
  subpackages:
  - go
- name: github.com/prometheus/common
  version: cfb91f6d4c903f798ddc135b758b7c39b7068f30
  subpackages:
  - expfmt
  - model
  - internal/bitbucket.org/ww/goautoneg
- name: github.com/prometheus/procfs
  version: cfb91f6d4c903f798ddc135b758b7c39b7068f30
- name: golang.org/x/net
  version: cfb91f6d4c903f798ddc135b758b7c39b7068f30
  subpackages:
  - context
testImports: []
